# @generated by Move, please check-in and do not edit manually.

[move]
version = 3
manifest_digest = "5665D54AB72E69A5DF6D5FEB6136D7D1CC662B0B22DE6DCBB077C94C40706617"
deps_digest = "F8BBB0CCB2491CA29A3DF03D6F92277A4F3574266507ACD77214D37ECA3F3082"
dependencies = [
  { id = "Sui", name = "Sui" },
]

[[move.package]]
id = "MoveStdlib"
source = { git = "https://github.com/MystenLabs/sui.git", rev = "framework/testnet", subdir = "crates/sui-framework/packages/move-stdlib" }

[[move.package]]
id = "Sui"
source = { git = "https://github.com/MystenLabs/sui.git", rev = "framework/testnet", subdir = "crates/sui-framework/packages/sui-framework" }

dependencies = [
  { id = "MoveStdlib", name = "MoveStdlib" },
]

[move.toolchain-version]
compiler-version = "1.42.2"
edition = "2024.beta"
flavor = "sui"

[env]

[env.devnet]
chain-id = "c7d33c3f"
original-published-id = "0x231e9660692944bbd798ff73c43f1b682903ee3b152870567ba7fd8e4cc9f975"
latest-published-id = "0x231e9660692944bbd798ff73c43f1b682903ee3b152870567ba7fd8e4cc9f975"
published-version = "1"
